// !$*UTF8*$!
{
	archiveVersion = 1;
	classes = {
	};
	objectVersion = 50;
	objects = {

/* Begin PBXBuildFile section */
		CEAAA3B7221527C800EE27EB /* Assets.xcassets in Resources */ = {isa = PBXBuildFile; fileRef = CEAAA3B6221527C800EE27EB /* Assets.xcassets */; };
		CEAAA3CE221527DB00EE27EB /* Assets.xcassets in Resources */ = {isa = PBXBuildFile; fileRef = CEAAA3CD221527DB00EE27EB /* Assets.xcassets */; };
		CEAAA3D4221527DB00EE27EB /* main.mm in Sources */ = {isa = PBXBuildFile; fileRef = CEAAA3D3221527DB00EE27EB /* main.mm */; };
		CED5F9172215854B00DC81E9 /* other_tests.html in Resources */ = {isa = PBXBuildFile; fileRef = CED5F8F52215854B00DC81E9 /* other_tests.html */; };
		CED5F9182215854B00DC81E9 /* urlrequest.html in Resources */ = {isa = PBXBuildFile; fileRef = CED5F8F62215854B00DC81E9 /* urlrequest.html */; };
		CED5F9192215854B00DC81E9 /* localstorage.html in Resources */ = {isa = PBXBuildFile; fileRef = CED5F8F72215854B00DC81E9 /* localstorage.html */; };
		CED5F91A2215854B00DC81E9 /* dialogs.html in Resources */ = {isa = PBXBuildFile; fileRef = CED5F8F82215854B00DC81E9 /* dialogs.html */; };
		CED5F91B2215854B00DC81E9 /* preferences.html in Resources */ = {isa = PBXBuildFile; fileRef = CED5F8F92215854B00DC81E9 /* preferences.html */; };
		CED5F91C2215854B00DC81E9 /* window.html in Resources */ = {isa = PBXBuildFile; fileRef = CED5F8FA2215854B00DC81E9 /* window.html */; };
		CED5F91D2215854B00DC81E9 /* menu_icon.1x.png in Resources */ = {isa = PBXBuildFile; fileRef = CED5F8FB2215854B00DC81E9 /* menu_icon.1x.png */; };
		CED5F91E2215854B00DC81E9 /* performance2.html in Resources */ = {isa = PBXBuildFile; fileRef = CED5F8FC2215854B00DC81E9 /* performance2.html */; };
		CED5F91F2215854B00DC81E9 /* transparency.html in Resources */ = {isa = PBXBuildFile; fileRef = CED5F8FD2215854B00DC81E9 /* transparency.html */; };
		CED5F9202215854B00DC81E9 /* performance.html in Resources */ = {isa = PBXBuildFile; fileRef = CED5F8FE2215854B00DC81E9 /* performance.html */; };
		CED5F9212215854B00DC81E9 /* icon.png in Resources */ = {isa = PBXBuildFile; fileRef = CED5F9012215854B00DC81E9 /* icon.png */; };
		CED5F9222215854B00DC81E9 /* popup.js in Resources */ = {isa = PBXBuildFile; fileRef = CED5F9022215854B00DC81E9 /* popup.js */; };
		CED5F9232215854B00DC81E9 /* popup.html in Resources */ = {isa = PBXBuildFile; fileRef = CED5F9032215854B00DC81E9 /* popup.html */; };
		CED5F9242215854B00DC81E9 /* README.md in Resources */ = {isa = PBXBuildFile; fileRef = CED5F9042215854B00DC81E9 /* README.md */; };
		CED5F9252215854B00DC81E9 /* manifest.json in Resources */ = {isa = PBXBuildFile; fileRef = CED5F9052215854B00DC81E9 /* manifest.json */; };
		CED5F92B2215854B00DC81E9 /* logo.png in Resources */ = {isa = PBXBuildFile; fileRef = CED5F90E2215854B00DC81E9 /* logo.png */; };
		CED5F92C2215854B00DC81E9 /* response_filter.html in Resources */ = {isa = PBXBuildFile; fileRef = CED5F90F2215854B00DC81E9 /* response_filter.html */; };
		CED5F92D2215854B00DC81E9 /* drm.html in Resources */ = {isa = PBXBuildFile; fileRef = CED5F9102215854B00DC81E9 /* drm.html */; };
		CED5F92E2215854B00DC81E9 /* websocket.html in Resources */ = {isa = PBXBuildFile; fileRef = CED5F9112215854B00DC81E9 /* websocket.html */; };
		CED5F92F2215854B00DC81E9 /* server.html in Resources */ = {isa = PBXBuildFile; fileRef = CED5F9122215854B00DC81E9 /* server.html */; };
		CED5F9302215854B00DC81E9 /* xmlhttprequest.html in Resources */ = {isa = PBXBuildFile; fileRef = CED5F9132215854B00DC81E9 /* xmlhttprequest.html */; };
		CED5F9312215854B00DC81E9 /* binding.html in Resources */ = {isa = PBXBuildFile; fileRef = CED5F9142215854B00DC81E9 /* binding.html */; };
		CED5F9322215854B00DC81E9 /* draggable.html in Resources */ = {isa = PBXBuildFile; fileRef = CED5F9152215854B00DC81E9 /* draggable.html */; };
		CED5F9332215854B00DC81E9 /* menu_icon.2x.png in Resources */ = {isa = PBXBuildFile; fileRef = CED5F9162215854B00DC81E9 /* menu_icon.2x.png */; };
		CEE2F587221538BC007FF9A6 /* image_cache.mm in Sources */ = {isa = PBXBuildFile; fileRef = CEE2F547221538BC007FF9A6 /* image_cache.mm */; };
		CEE2F588221538BC007FF9A6 /* root_window_mac.mm in Sources */ = {isa = PBXBuildFile; fileRef = CEE2F549221538BC007FF9A6 /* root_window_mac.mm */; };
		CEE2F58B221538BC007FF9A6 /* test_runner.mm in Sources */ = {isa = PBXBuildFile; fileRef = CEE2F54D221538BC007FF9A6 /* test_runner.mm */; };
		CEE2F58D221538BC007FF9A6 /* root_window_create.mm in Sources */ = {isa = PBXBuildFile; fileRef = CEE2F551221538BC007FF9A6 /* root_window_create.mm */; };
		CEE2F58E221538BC007FF9A6 /* root_window.mm in Sources */ = {isa = PBXBuildFile; fileRef = CEE2F553221538BC007FF9A6 /* root_window.mm */; };
		CEE2F58F221538BC007FF9A6 /* client_handler.mm in Sources */ = {isa = PBXBuildFile; fileRef = CEE2F557221538BC007FF9A6 /* client_handler.mm */; };
		CEE2F591221538BC007FF9A6 /* temp_window.mm in Sources */ = {isa = PBXBuildFile; fileRef = CEE2F55B221538BC007FF9A6 /* temp_window.mm */; };
		CEE2F593221538BC007FF9A6 /* browser_window.mm in Sources */ = {isa = PBXBuildFile; fileRef = CEE2F561221538BC007FF9A6 /* browser_window.mm */; };
		CEE2F594221538BC007FF9A6 /* window_test_runner.mm in Sources */ = {isa = PBXBuildFile; fileRef = CEE2F564221538BC007FF9A6 /* window_test_runner.mm */; };
		CEE2F596221538BC007FF9A6 /* window_test_runner_mac.mm in Sources */ = {isa = PBXBuildFile; fileRef = CEE2F56A221538BC007FF9A6 /* window_test_runner_mac.mm */; };
		CEE2F597221538BC007FF9A6 /* main_context.mm in Sources */ = {isa = PBXBuildFile; fileRef = CEE2F56C221538BC007FF9A6 /* main_context.mm */; };
		CEE2F59D221538BC007FF9A6 /* root_window_manager.mm in Sources */ = {isa = PBXBuildFile; fileRef = CEE2F57A221538BC007FF9A6 /* root_window_manager.mm */; };
		CEE2F5DF221538E3007FF9A6 /* client_app_browser.mm in Sources */ = {isa = PBXBuildFile; fileRef = CEE2F5C4221538E3007FF9A6 /* client_app_browser.mm */; };
		CEE2F5E4221538E3007FF9A6 /* main_message_loop.mm in Sources */ = {isa = PBXBuildFile; fileRef = CEE2F5CA221538E3007FF9A6 /* main_message_loop.mm */; };
		CEE2F5E6221538E3007FF9A6 /* client_app.mm in Sources */ = {isa = PBXBuildFile; fileRef = CEE2F5CF221538E3007FF9A6 /* client_app.mm */; };
		CEE2F5E7221538E3007FF9A6 /* client_switches.mm in Sources */ = {isa = PBXBuildFile; fileRef = CEE2F5D0221538E3007FF9A6 /* client_switches.mm */; };
		CEE2F5EA22153DB9007FF9A6 /* main.mm in Sources */ = {isa = PBXBuildFile; fileRef = CEE2F5E922153DB9007FF9A6 /* main.mm */; };
		CEF4E98A2216A8B500F5E8E7 /* utils.mm in Sources */ = {isa = PBXBuildFile; fileRef = CEF4E9882216A8B500F5E8E7 /* utils.mm */; };
/* End PBXBuildFile section */

/* Begin PBXFileReference section */
		CEAAA3B0221527C700EE27EB /* CEFDemo.app */ = {isa = PBXFileReference; explicitFileType = wrapper.application; includeInIndex = 0; path = CEFDemo.app; sourceTree = BUILT_PRODUCTS_DIR; };
		CEAAA3B6221527C800EE27EB /* Assets.xcassets */ = {isa = PBXFileReference; lastKnownFileType = folder.assetcatalog; path = Assets.xcassets; sourceTree = "<group>"; };
		CEAAA3BB221527C800EE27EB /* Info.plist */ = {isa = PBXFileReference; lastKnownFileType = text.plist.xml; path = Info.plist; sourceTree = "<group>"; };
		CEAAA3C8221527DA00EE27EB /* CEFDemo Helper.app */ = {isa = PBXFileReference; explicitFileType = wrapper.application; includeInIndex = 0; path = "CEFDemo Helper.app"; sourceTree = BUILT_PRODUCTS_DIR; };
		CEAAA3CD221527DB00EE27EB /* Assets.xcassets */ = {isa = PBXFileReference; lastKnownFileType = folder.assetcatalog; path = Assets.xcassets; sourceTree = "<group>"; };
		CEAAA3D2221527DB00EE27EB /* Info.plist */ = {isa = PBXFileReference; lastKnownFileType = text.plist.xml; path = Info.plist; sourceTree = "<group>"; };
		CEAAA3D3221527DB00EE27EB /* main.mm */ = {isa = PBXFileReference; lastKnownFileType = sourcecode.cpp.objcpp; path = main.mm; sourceTree = "<group>"; };
		CED5F8F52215854B00DC81E9 /* other_tests.html */ = {isa = PBXFileReference; fileEncoding = 4; lastKnownFileType = text.html; path = other_tests.html; sourceTree = "<group>"; };
		CED5F8F62215854B00DC81E9 /* urlrequest.html */ = {isa = PBXFileReference; fileEncoding = 4; lastKnownFileType = text.html; path = urlrequest.html; sourceTree = "<group>"; };
		CED5F8F72215854B00DC81E9 /* localstorage.html */ = {isa = PBXFileReference; fileEncoding = 4; lastKnownFileType = text.html; path = localstorage.html; sourceTree = "<group>"; };
		CED5F8F82215854B00DC81E9 /* dialogs.html */ = {isa = PBXFileReference; fileEncoding = 4; lastKnownFileType = text.html; path = dialogs.html; sourceTree = "<group>"; };
		CED5F8F92215854B00DC81E9 /* preferences.html */ = {isa = PBXFileReference; fileEncoding = 4; lastKnownFileType = text.html; path = preferences.html; sourceTree = "<group>"; };
		CED5F8FA2215854B00DC81E9 /* window.html */ = {isa = PBXFileReference; fileEncoding = 4; lastKnownFileType = text.html; path = window.html; sourceTree = "<group>"; };
		CED5F8FB2215854B00DC81E9 /* menu_icon.1x.png */ = {isa = PBXFileReference; lastKnownFileType = image.png; path = menu_icon.1x.png; sourceTree = "<group>"; };
		CED5F8FC2215854B00DC81E9 /* performance2.html */ = {isa = PBXFileReference; fileEncoding = 4; lastKnownFileType = text.html; path = performance2.html; sourceTree = "<group>"; };
		CED5F8FD2215854B00DC81E9 /* transparency.html */ = {isa = PBXFileReference; fileEncoding = 4; lastKnownFileType = text.html; path = transparency.html; sourceTree = "<group>"; };
		CED5F8FE2215854B00DC81E9 /* performance.html */ = {isa = PBXFileReference; fileEncoding = 4; lastKnownFileType = text.html; path = performance.html; sourceTree = "<group>"; };
		CED5F9012215854B00DC81E9 /* icon.png */ = {isa = PBXFileReference; lastKnownFileType = image.png; path = icon.png; sourceTree = "<group>"; };
		CED5F9022215854B00DC81E9 /* popup.js */ = {isa = PBXFileReference; fileEncoding = 4; lastKnownFileType = sourcecode.javascript; path = popup.js; sourceTree = "<group>"; };
		CED5F9032215854B00DC81E9 /* popup.html */ = {isa = PBXFileReference; fileEncoding = 4; lastKnownFileType = text.html; path = popup.html; sourceTree = "<group>"; };
		CED5F9042215854B00DC81E9 /* README.md */ = {isa = PBXFileReference; fileEncoding = 4; lastKnownFileType = net.daringfireball.markdown; path = README.md; sourceTree = "<group>"; };
		CED5F9052215854B00DC81E9 /* manifest.json */ = {isa = PBXFileReference; fileEncoding = 4; lastKnownFileType = text.json; path = manifest.json; sourceTree = "<group>"; };
		CED5F90E2215854B00DC81E9 /* logo.png */ = {isa = PBXFileReference; lastKnownFileType = image.png; path = logo.png; sourceTree = "<group>"; };
		CED5F90F2215854B00DC81E9 /* response_filter.html */ = {isa = PBXFileReference; fileEncoding = 4; lastKnownFileType = text.html; path = response_filter.html; sourceTree = "<group>"; };
		CED5F9102215854B00DC81E9 /* drm.html */ = {isa = PBXFileReference; fileEncoding = 4; lastKnownFileType = text.html; path = drm.html; sourceTree = "<group>"; };
		CED5F9112215854B00DC81E9 /* websocket.html */ = {isa = PBXFileReference; fileEncoding = 4; lastKnownFileType = text.html; path = websocket.html; sourceTree = "<group>"; };
		CED5F9122215854B00DC81E9 /* server.html */ = {isa = PBXFileReference; fileEncoding = 4; lastKnownFileType = text.html; path = server.html; sourceTree = "<group>"; };
		CED5F9132215854B00DC81E9 /* xmlhttprequest.html */ = {isa = PBXFileReference; fileEncoding = 4; lastKnownFileType = text.html; path = xmlhttprequest.html; sourceTree = "<group>"; };
		CED5F9142215854B00DC81E9 /* binding.html */ = {isa = PBXFileReference; fileEncoding = 4; lastKnownFileType = text.html; path = binding.html; sourceTree = "<group>"; };
		CED5F9152215854B00DC81E9 /* draggable.html */ = {isa = PBXFileReference; fileEncoding = 4; lastKnownFileType = text.html; path = draggable.html; sourceTree = "<group>"; };
		CED5F9162215854B00DC81E9 /* menu_icon.2x.png */ = {isa = PBXFileReference; lastKnownFileType = image.png; path = menu_icon.2x.png; sourceTree = "<group>"; };
		CEE2F53A221538BC007FF9A6 /* temp_window.h */ = {isa = PBXFileReference; fileEncoding = 4; lastKnownFileType = sourcecode.c.h; path = temp_window.h; sourceTree = "<group>"; };
		CEE2F53F221538BC007FF9A6 /* test_runner.h */ = {isa = PBXFileReference; fileEncoding = 4; lastKnownFileType = sourcecode.c.h; path = test_runner.h; sourceTree = "<group>"; };
		CEE2F547221538BC007FF9A6 /* image_cache.mm */ = {isa = PBXFileReference; fileEncoding = 4; lastKnownFileType = sourcecode.cpp.objcpp; path = image_cache.mm; sourceTree = "<group>"; };
		CEE2F549221538BC007FF9A6 /* root_window_mac.mm */ = {isa = PBXFileReference; fileEncoding = 4; lastKnownFileType = sourcecode.cpp.objcpp; path = root_window_mac.mm; sourceTree = "<group>"; };
		CEE2F54D221538BC007FF9A6 /* test_runner.mm */ = {isa = PBXFileReference; fileEncoding = 4; lastKnownFileType = sourcecode.cpp.objcpp; path = test_runner.mm; sourceTree = "<group>"; };
		CEE2F551221538BC007FF9A6 /* root_window_create.mm */ = {isa = PBXFileReference; fileEncoding = 4; lastKnownFileType = sourcecode.cpp.objcpp; path = root_window_create.mm; sourceTree = "<group>"; };
		CEE2F553221538BC007FF9A6 /* root_window.mm */ = {isa = PBXFileReference; fileEncoding = 4; lastKnownFileType = sourcecode.cpp.objcpp; path = root_window.mm; sourceTree = "<group>"; };
		CEE2F554221538BC007FF9A6 /* main_context.h */ = {isa = PBXFileReference; fileEncoding = 4; lastKnownFileType = sourcecode.c.h; path = main_context.h; sourceTree = "<group>"; };
		CEE2F555221538BC007FF9A6 /* window_test_runner_mac.h */ = {isa = PBXFileReference; fileEncoding = 4; lastKnownFileType = sourcecode.c.h; path = window_test_runner_mac.h; sourceTree = "<group>"; };
		CEE2F556221538BC007FF9A6 /* client_handler.h */ = {isa = PBXFileReference; fileEncoding = 4; lastKnownFileType = sourcecode.c.h; path = client_handler.h; sourceTree = "<group>"; };
		CEE2F557221538BC007FF9A6 /* client_handler.mm */ = {isa = PBXFileReference; fileEncoding = 4; lastKnownFileType = sourcecode.cpp.objcpp; path = client_handler.mm; sourceTree = "<group>"; };
		CEE2F55A221538BC007FF9A6 /* root_window.h */ = {isa = PBXFileReference; fileEncoding = 4; lastKnownFileType = sourcecode.c.h; path = root_window.h; sourceTree = "<group>"; };
		CEE2F55B221538BC007FF9A6 /* temp_window.mm */ = {isa = PBXFileReference; fileEncoding = 4; lastKnownFileType = sourcecode.cpp.objcpp; path = temp_window.mm; sourceTree = "<group>"; };
		CEE2F561221538BC007FF9A6 /* browser_window.mm */ = {isa = PBXFileReference; fileEncoding = 4; lastKnownFileType = sourcecode.cpp.objcpp; path = browser_window.mm; sourceTree = "<group>"; };
		CEE2F562221538BC007FF9A6 /* window_test_runner.h */ = {isa = PBXFileReference; fileEncoding = 4; lastKnownFileType = sourcecode.c.h; path = window_test_runner.h; sourceTree = "<group>"; };
		CEE2F563221538BC007FF9A6 /* root_window_mac.h */ = {isa = PBXFileReference; fileEncoding = 4; lastKnownFileType = sourcecode.c.h; path = root_window_mac.h; sourceTree = "<group>"; };
		CEE2F564221538BC007FF9A6 /* window_test_runner.mm */ = {isa = PBXFileReference; fileEncoding = 4; lastKnownFileType = sourcecode.cpp.objcpp; path = window_test_runner.mm; sourceTree = "<group>"; };
		CEE2F56A221538BC007FF9A6 /* window_test_runner_mac.mm */ = {isa = PBXFileReference; fileEncoding = 4; lastKnownFileType = sourcecode.cpp.objcpp; path = window_test_runner_mac.mm; sourceTree = "<group>"; };
		CEE2F56B221538BC007FF9A6 /* image_cache.h */ = {isa = PBXFileReference; fileEncoding = 4; lastKnownFileType = sourcecode.c.h; path = image_cache.h; sourceTree = "<group>"; };
		CEE2F56C221538BC007FF9A6 /* main_context.mm */ = {isa = PBXFileReference; fileEncoding = 4; lastKnownFileType = sourcecode.cpp.objcpp; path = main_context.mm; sourceTree = "<group>"; };
		CEE2F573221538BC007FF9A6 /* browser_window.h */ = {isa = PBXFileReference; fileEncoding = 4; lastKnownFileType = sourcecode.c.h; path = browser_window.h; sourceTree = "<group>"; };
		CEE2F579221538BC007FF9A6 /* root_window_manager.h */ = {isa = PBXFileReference; fileEncoding = 4; lastKnownFileType = sourcecode.c.h; path = root_window_manager.h; sourceTree = "<group>"; };
		CEE2F57A221538BC007FF9A6 /* root_window_manager.mm */ = {isa = PBXFileReference; fileEncoding = 4; lastKnownFileType = sourcecode.cpp.objcpp; path = root_window_manager.mm; sourceTree = "<group>"; };
		CEE2F5BE221538E3007FF9A6 /* client_app_browser.h */ = {isa = PBXFileReference; fileEncoding = 4; lastKnownFileType = sourcecode.c.h; path = client_app_browser.h; sourceTree = "<group>"; };
		CEE2F5C4221538E3007FF9A6 /* client_app_browser.mm */ = {isa = PBXFileReference; fileEncoding = 4; lastKnownFileType = sourcecode.cpp.objcpp; path = client_app_browser.mm; sourceTree = "<group>"; };
		CEE2F5C9221538E3007FF9A6 /* main_message_loop.h */ = {isa = PBXFileReference; fileEncoding = 4; lastKnownFileType = sourcecode.c.h; path = main_message_loop.h; sourceTree = "<group>"; };
		CEE2F5CA221538E3007FF9A6 /* main_message_loop.mm */ = {isa = PBXFileReference; fileEncoding = 4; lastKnownFileType = sourcecode.cpp.objcpp; path = main_message_loop.mm; sourceTree = "<group>"; };
		CEE2F5CF221538E3007FF9A6 /* client_app.mm */ = {isa = PBXFileReference; fileEncoding = 4; lastKnownFileType = sourcecode.cpp.objcpp; path = client_app.mm; sourceTree = "<group>"; };
		CEE2F5D0221538E3007FF9A6 /* client_switches.mm */ = {isa = PBXFileReference; fileEncoding = 4; lastKnownFileType = sourcecode.cpp.objcpp; path = client_switches.mm; sourceTree = "<group>"; };
		CEE2F5D1221538E3007FF9A6 /* client_switches.h */ = {isa = PBXFileReference; fileEncoding = 4; lastKnownFileType = sourcecode.c.h; path = client_switches.h; sourceTree = "<group>"; };
		CEE2F5D3221538E3007FF9A6 /* client_app.h */ = {isa = PBXFileReference; fileEncoding = 4; lastKnownFileType = sourcecode.c.h; path = client_app.h; sourceTree = "<group>"; };
		CEE2F5E922153DB9007FF9A6 /* main.mm */ = {isa = PBXFileReference; fileEncoding = 4; lastKnownFileType = sourcecode.cpp.objcpp; path = main.mm; sourceTree = "<group>"; };
		CEF4E9882216A8B500F5E8E7 /* utils.mm */ = {isa = PBXFileReference; lastKnownFileType = sourcecode.cpp.objcpp; path = utils.mm; sourceTree = "<group>"; };
		CEF4E9892216A8B500F5E8E7 /* utils.h */ = {isa = PBXFileReference; lastKnownFileType = sourcecode.c.h; path = utils.h; sourceTree = "<group>"; };
/* End PBXFileReference section */

/* Begin PBXFrameworksBuildPhase section */
		CEAAA3AD221527C700EE27EB /* Frameworks */ = {
			isa = PBXFrameworksBuildPhase;
			buildActionMask = 2147483647;
			files = (
			);
			runOnlyForDeploymentPostprocessing = 0;
		};
		CEAAA3C5221527DA00EE27EB /* Frameworks */ = {
			isa = PBXFrameworksBuildPhase;
			buildActionMask = 2147483647;
			files = (
			);
			runOnlyForDeploymentPostprocessing = 0;
		};
/* End PBXFrameworksBuildPhase section */

/* Begin PBXGroup section */
		CEAAA3A7221527C700EE27EB = {
			isa = PBXGroup;
			children = (
				CEAAA3B2221527C700EE27EB /* CEFDemo */,
				CEAAA3C9221527DA00EE27EB /* CEFDemo Helper */,
				CEAAA3B1221527C700EE27EB /* Products */,
			);
			sourceTree = "<group>";
		};
		CEAAA3B1221527C700EE27EB /* Products */ = {
			isa = PBXGroup;
			children = (
				CEAAA3B0221527C700EE27EB /* CEFDemo.app */,
				CEAAA3C8221527DA00EE27EB /* CEFDemo Helper.app */,
			);
			name = Products;
			sourceTree = "<group>";
		};
		CEAAA3B2221527C700EE27EB /* CEFDemo */ = {
			isa = PBXGroup;
			children = (
				CED5F8F42215854B00DC81E9 /* resources */,
				CEE2F533221538BC007FF9A6 /* browser */,
				CEE2F5E922153DB9007FF9A6 /* main.mm */,
				CEAAA3B6221527C800EE27EB /* Assets.xcassets */,
				CEAAA3BB221527C800EE27EB /* Info.plist */,
			);
			path = CEFDemo;
			sourceTree = "<group>";
		};
		CEAAA3C9221527DA00EE27EB /* CEFDemo Helper */ = {
			isa = PBXGroup;
			children = (
				CEAAA3CD221527DB00EE27EB /* Assets.xcassets */,
				CEAAA3D2221527DB00EE27EB /* Info.plist */,
				CEAAA3D3221527DB00EE27EB /* main.mm */,
			);
			path = "CEFDemo Helper";
			sourceTree = "<group>";
		};
		CED5F8F42215854B00DC81E9 /* resources */ = {
			isa = PBXGroup;
			children = (
				CED5F8F52215854B00DC81E9 /* other_tests.html */,
				CED5F8F62215854B00DC81E9 /* urlrequest.html */,
				CED5F8F72215854B00DC81E9 /* localstorage.html */,
				CED5F8F82215854B00DC81E9 /* dialogs.html */,
				CED5F8F92215854B00DC81E9 /* preferences.html */,
				CED5F8FA2215854B00DC81E9 /* window.html */,
				CED5F8FB2215854B00DC81E9 /* menu_icon.1x.png */,
				CED5F8FC2215854B00DC81E9 /* performance2.html */,
				CED5F8FD2215854B00DC81E9 /* transparency.html */,
				CED5F8FE2215854B00DC81E9 /* performance.html */,
				CED5F8FF2215854B00DC81E9 /* extensions */,
				CED5F90E2215854B00DC81E9 /* logo.png */,
				CED5F90F2215854B00DC81E9 /* response_filter.html */,
				CED5F9102215854B00DC81E9 /* drm.html */,
				CED5F9112215854B00DC81E9 /* websocket.html */,
				CED5F9122215854B00DC81E9 /* server.html */,
				CED5F9132215854B00DC81E9 /* xmlhttprequest.html */,
				CED5F9142215854B00DC81E9 /* binding.html */,
				CED5F9152215854B00DC81E9 /* draggable.html */,
				CED5F9162215854B00DC81E9 /* menu_icon.2x.png */,
			);
			path = resources;
			sourceTree = "<group>";
		};
		CED5F8FF2215854B00DC81E9 /* extensions */ = {
			isa = PBXGroup;
			children = (
				CED5F9002215854B00DC81E9 /* set_page_color */,
			);
			path = extensions;
			sourceTree = "<group>";
		};
		CED5F9002215854B00DC81E9 /* set_page_color */ = {
			isa = PBXGroup;
			children = (
				CED5F9012215854B00DC81E9 /* icon.png */,
				CED5F9022215854B00DC81E9 /* popup.js */,
				CED5F9032215854B00DC81E9 /* popup.html */,
				CED5F9042215854B00DC81E9 /* README.md */,
				CED5F9052215854B00DC81E9 /* manifest.json */,
			);
			path = set_page_color;
			sourceTree = "<group>";
		};
		CEE2F533221538BC007FF9A6 /* browser */ = {
			isa = PBXGroup;
			children = (
				CEE2F5C9221538E3007FF9A6 /* main_message_loop.h */,
				CEE2F5CA221538E3007FF9A6 /* main_message_loop.mm */,
				CEE2F5D1221538E3007FF9A6 /* client_switches.h */,
				CEE2F5D0221538E3007FF9A6 /* client_switches.mm */,
				CEE2F5D3221538E3007FF9A6 /* client_app.h */,
				CEE2F5CF221538E3007FF9A6 /* client_app.mm */,
				CEE2F5BE221538E3007FF9A6 /* client_app_browser.h */,
				CEE2F5C4221538E3007FF9A6 /* client_app_browser.mm */,
				CEE2F573221538BC007FF9A6 /* browser_window.h */,
				CEE2F561221538BC007FF9A6 /* browser_window.mm */,
				CEE2F556221538BC007FF9A6 /* client_handler.h */,
				CEE2F557221538BC007FF9A6 /* client_handler.mm */,
				CEE2F56B221538BC007FF9A6 /* image_cache.h */,
				CEE2F547221538BC007FF9A6 /* image_cache.mm */,
				CEE2F554221538BC007FF9A6 /* main_context.h */,
				CEE2F56C221538BC007FF9A6 /* main_context.mm */,
				CEE2F551221538BC007FF9A6 /* root_window_create.mm */,
				CEE2F563221538BC007FF9A6 /* root_window_mac.h */,
				CEE2F549221538BC007FF9A6 /* root_window_mac.mm */,
				CEE2F55A221538BC007FF9A6 /* root_window.h */,
				CEE2F553221538BC007FF9A6 /* root_window.mm */,
				CEE2F579221538BC007FF9A6 /* root_window_manager.h */,
				CEE2F57A221538BC007FF9A6 /* root_window_manager.mm */,
				CEE2F55B221538BC007FF9A6 /* temp_window.mm */,
				CEE2F53A221538BC007FF9A6 /* temp_window.h */,
				CEE2F53F221538BC007FF9A6 /* test_runner.h */,
				CEE2F54D221538BC007FF9A6 /* test_runner.mm */,
				CEE2F555221538BC007FF9A6 /* window_test_runner_mac.h */,
				CEE2F56A221538BC007FF9A6 /* window_test_runner_mac.mm */,
				CEE2F562221538BC007FF9A6 /* window_test_runner.h */,
				CEE2F564221538BC007FF9A6 /* window_test_runner.mm */,
				CEF4E9892216A8B500F5E8E7 /* utils.h */,
				CEF4E9882216A8B500F5E8E7 /* utils.mm */,
			);
			path = browser;
			sourceTree = "<group>";
		};
/* End PBXGroup section */

/* Begin PBXNativeTarget section */
		CEAAA3AF221527C700EE27EB /* CEFDemo */ = {
			isa = PBXNativeTarget;
			buildConfigurationList = CEAAA3C1221527C800EE27EB /* Build configuration list for PBXNativeTarget "CEFDemo" */;
			buildPhases = (
				CEAAA3AC221527C700EE27EB /* Sources */,
				CEAAA3AD221527C700EE27EB /* Frameworks */,
				CEAAA3AE221527C700EE27EB /* Resources */,
				CEAAA3D9221528E500EE27EB /* ShellScript */,
			);
			buildRules = (
			);
			dependencies = (
			);
			name = CEFDemo;
			productName = CEFDemo;
			productReference = CEAAA3B0221527C700EE27EB /* CEFDemo.app */;
			productType = "com.apple.product-type.application";
		};
		CEAAA3C7221527DA00EE27EB /* CEFDemo Helper */ = {
			isa = PBXNativeTarget;
			buildConfigurationList = CEAAA3D6221527DB00EE27EB /* Build configuration list for PBXNativeTarget "CEFDemo Helper" */;
			buildPhases = (
				CEAAA3C4221527DA00EE27EB /* Sources */,
				CEAAA3C5221527DA00EE27EB /* Frameworks */,
				CEAAA3C6221527DA00EE27EB /* Resources */,
			);
			buildRules = (
			);
			dependencies = (
			);
			name = "CEFDemo Helper";
			productName = "CEFDemo Helper";
			productReference = CEAAA3C8221527DA00EE27EB /* CEFDemo Helper.app */;
			productType = "com.apple.product-type.application";
		};
/* End PBXNativeTarget section */

/* Begin PBXProject section */
		CEAAA3A8221527C700EE27EB /* Project object */ = {
			isa = PBXProject;
			attributes = {
				LastUpgradeCheck = 1010;
				ORGANIZATIONNAME = "田硕";
				TargetAttributes = {
					CEAAA3AF221527C700EE27EB = {
						CreatedOnToolsVersion = 10.1;
					};
					CEAAA3C7221527DA00EE27EB = {
						CreatedOnToolsVersion = 10.1;
					};
				};
			};
			buildConfigurationList = CEAAA3AB221527C700EE27EB /* Build configuration list for PBXProject "CEFDemo" */;
			compatibilityVersion = "Xcode 9.3";
			developmentRegion = en;
			hasScannedForEncodings = 0;
			knownRegions = (
				en,
				Base,
				English,
			);
			mainGroup = CEAAA3A7221527C700EE27EB;
			productRefGroup = CEAAA3B1221527C700EE27EB /* Products */;
			projectDirPath = "";
			projectRoot = "";
			targets = (
				CEAAA3AF221527C700EE27EB /* CEFDemo */,
				CEAAA3C7221527DA00EE27EB /* CEFDemo Helper */,
			);
		};
/* End PBXProject section */

/* Begin PBXResourcesBuildPhase section */
		CEAAA3AE221527C700EE27EB /* Resources */ = {
			isa = PBXResourcesBuildPhase;
			buildActionMask = 2147483647;
			files = (
				CEAAA3B7221527C800EE27EB /* Assets.xcassets in Resources */,
				CED5F9252215854B00DC81E9 /* manifest.json in Resources */,
				CED5F92B2215854B00DC81E9 /* logo.png in Resources */,
				CED5F9242215854B00DC81E9 /* README.md in Resources */,
				CED5F9312215854B00DC81E9 /* binding.html in Resources */,
				CED5F91C2215854B00DC81E9 /* window.html in Resources */,
				CED5F91D2215854B00DC81E9 /* menu_icon.1x.png in Resources */,
				CED5F91B2215854B00DC81E9 /* preferences.html in Resources */,
				CED5F9202215854B00DC81E9 /* performance.html in Resources */,
				CED5F91F2215854B00DC81E9 /* transparency.html in Resources */,
				CED5F92F2215854B00DC81E9 /* server.html in Resources */,
				CED5F92C2215854B00DC81E9 /* response_filter.html in Resources */,
				CED5F9322215854B00DC81E9 /* draggable.html in Resources */,
				CED5F91A2215854B00DC81E9 /* dialogs.html in Resources */,
				CED5F9302215854B00DC81E9 /* xmlhttprequest.html in Resources */,
				CED5F92E2215854B00DC81E9 /* websocket.html in Resources */,
				CED5F91E2215854B00DC81E9 /* performance2.html in Resources */,
				CED5F9192215854B00DC81E9 /* localstorage.html in Resources */,
				CED5F9332215854B00DC81E9 /* menu_icon.2x.png in Resources */,
				CED5F9232215854B00DC81E9 /* popup.html in Resources */,
				CED5F9172215854B00DC81E9 /* other_tests.html in Resources */,
				CED5F92D2215854B00DC81E9 /* drm.html in Resources */,
				CED5F9212215854B00DC81E9 /* icon.png in Resources */,
				CED5F9222215854B00DC81E9 /* popup.js in Resources */,
				CED5F9182215854B00DC81E9 /* urlrequest.html in Resources */,
			);
			runOnlyForDeploymentPostprocessing = 0;
		};
		CEAAA3C6221527DA00EE27EB /* Resources */ = {
			isa = PBXResourcesBuildPhase;
			buildActionMask = 2147483647;
			files = (
				CEAAA3CE221527DB00EE27EB /* Assets.xcassets in Resources */,
			);
			runOnlyForDeploymentPostprocessing = 0;
		};
/* End PBXResourcesBuildPhase section */

/* Begin PBXShellScriptBuildPhase section */
		CEAAA3D9221528E500EE27EB /* ShellScript */ = {
			isa = PBXShellScriptBuildPhase;
			buildActionMask = 2147483647;
			files = (
			);
			inputFileListPaths = (
			);
			inputPaths = (
			);
			outputFileListPaths = (
			);
			outputPaths = (
			);
			runOnlyForDeploymentPostprocessing = 0;
			shellPath = /bin/sh;
			shellScript = "# copy libs\nContents=\"${BUILT_PRODUCTS_DIR}/${TARGET_NAME}.app/Contents\"\nrm -rf \"${Contents}/Frameworks\"\nmkdir -p \"${Contents}/Frameworks\"\ncp -r \"${SRCROOT}/libs/cef/${CONFIGURATION}/Chromium Embedded Framework.framework\" \"${Contents}/Frameworks/\"\ncp -r \"${SRCROOT}/libs/Carthage/Build/Mac/CocoaLumberjack.framework\" \"${Contents}/Frameworks/\"\ncp -r \"${SRCROOT}/libs/Carthage/Build/Mac/SVGKit.framework\" \"${Contents}/Frameworks/\"\ncp -r \"${BUILT_PRODUCTS_DIR}/${TARGET_NAME} Helper.app\" \"${Contents}/Frameworks/\"\n";
		};
/* End PBXShellScriptBuildPhase section */

/* Begin PBXSourcesBuildPhase section */
		CEAAA3AC221527C700EE27EB /* Sources */ = {
			isa = PBXSourcesBuildPhase;
			buildActionMask = 2147483647;
			files = (
				CEE2F58B221538BC007FF9A6 /* test_runner.mm in Sources */,
				CEE2F591221538BC007FF9A6 /* temp_window.mm in Sources */,
				CEE2F588221538BC007FF9A6 /* root_window_mac.mm in Sources */,
				CEE2F5DF221538E3007FF9A6 /* client_app_browser.mm in Sources */,
				CEE2F593221538BC007FF9A6 /* browser_window.mm in Sources */,
				CEE2F59D221538BC007FF9A6 /* root_window_manager.mm in Sources */,
				CEE2F594221538BC007FF9A6 /* window_test_runner.mm in Sources */,
				CEE2F587221538BC007FF9A6 /* image_cache.mm in Sources */,
				CEE2F5E7221538E3007FF9A6 /* client_switches.mm in Sources */,
				CEE2F596221538BC007FF9A6 /* window_test_runner_mac.mm in Sources */,
				CEE2F58F221538BC007FF9A6 /* client_handler.mm in Sources */,
				CEE2F58D221538BC007FF9A6 /* root_window_create.mm in Sources */,
				CEE2F5EA22153DB9007FF9A6 /* main.mm in Sources */,
				CEF4E98A2216A8B500F5E8E7 /* utils.mm in Sources */,
				CEE2F5E6221538E3007FF9A6 /* client_app.mm in Sources */,
				CEE2F597221538BC007FF9A6 /* main_context.mm in Sources */,
				CEE2F5E4221538E3007FF9A6 /* main_message_loop.mm in Sources */,
				CEE2F58E221538BC007FF9A6 /* root_window.mm in Sources */,
			);
			runOnlyForDeploymentPostprocessing = 0;
		};
		CEAAA3C4221527DA00EE27EB /* Sources */ = {
			isa = PBXSourcesBuildPhase;
			buildActionMask = 2147483647;
			files = (
				CEAAA3D4221527DB00EE27EB /* main.mm in Sources */,
			);
			runOnlyForDeploymentPostprocessing = 0;
		};
/* End PBXSourcesBuildPhase section */

/* Begin XCBuildConfiguration section */
		CEAAA3BF221527C800EE27EB /* Debug */ = {
			isa = XCBuildConfiguration;
			buildSettings = {
				ALWAYS_SEARCH_USER_PATHS = NO;
				CLANG_ANALYZER_NONNULL = YES;
				CLANG_ANALYZER_NUMBER_OBJECT_CONVERSION = YES_AGGRESSIVE;
				CLANG_CXX_LANGUAGE_STANDARD = "gnu++14";
				CLANG_CXX_LIBRARY = "libc++";
				CLANG_ENABLE_MODULES = YES;
				CLANG_ENABLE_OBJC_ARC = YES;
				CLANG_ENABLE_OBJC_WEAK = YES;
				CLANG_WARN_BLOCK_CAPTURE_AUTORELEASING = YES;
				CLANG_WARN_BOOL_CONVERSION = YES;
				CLANG_WARN_COMMA = YES;
				CLANG_WARN_CONSTANT_CONVERSION = YES;
				CLANG_WARN_DEPRECATED_OBJC_IMPLEMENTATIONS = YES;
				CLANG_WARN_DIRECT_OBJC_ISA_USAGE = YES_ERROR;
				CLANG_WARN_DOCUMENTATION_COMMENTS = YES;
				CLANG_WARN_EMPTY_BODY = YES;
				CLANG_WARN_ENUM_CONVERSION = YES;
				CLANG_WARN_INFINITE_RECURSION = YES;
				CLANG_WARN_INT_CONVERSION = YES;
				CLANG_WARN_NON_LITERAL_NULL_CONVERSION = YES;
				CLANG_WARN_OBJC_IMPLICIT_RETAIN_SELF = YES;
				CLANG_WARN_OBJC_LITERAL_CONVERSION = YES;
				CLANG_WARN_OBJC_ROOT_CLASS = YES_ERROR;
				CLANG_WARN_RANGE_LOOP_ANALYSIS = YES;
				CLANG_WARN_STRICT_PROTOTYPES = YES;
				CLANG_WARN_SUSPICIOUS_MOVE = YES;
				CLANG_WARN_UNGUARDED_AVAILABILITY = YES_AGGRESSIVE;
				CLANG_WARN_UNREACHABLE_CODE = YES;
				CLANG_WARN__DUPLICATE_METHOD_MATCH = YES;
				CODE_SIGN_IDENTITY = "-";
				COPY_PHASE_STRIP = NO;
				DEBUG_INFORMATION_FORMAT = dwarf;
				ENABLE_STRICT_OBJC_MSGSEND = YES;
				ENABLE_TESTABILITY = YES;
				GCC_C_LANGUAGE_STANDARD = gnu11;
				GCC_DYNAMIC_NO_PIC = NO;
				GCC_NO_COMMON_BLOCKS = YES;
				GCC_OPTIMIZATION_LEVEL = 0;
				GCC_PREPROCESSOR_DEFINITIONS = (
					"DEBUG=1",
					"$(inherited)",
				);
				GCC_WARN_64_TO_32_BIT_CONVERSION = YES;
				GCC_WARN_ABOUT_RETURN_TYPE = YES_ERROR;
				GCC_WARN_UNDECLARED_SELECTOR = YES;
				GCC_WARN_UNINITIALIZED_AUTOS = YES_AGGRESSIVE;
				GCC_WARN_UNUSED_FUNCTION = YES;
				GCC_WARN_UNUSED_VARIABLE = YES;
				MACOSX_DEPLOYMENT_TARGET = 10.14;
				MTL_ENABLE_DEBUG_INFO = INCLUDE_SOURCE;
				MTL_FAST_MATH = YES;
				ONLY_ACTIVE_ARCH = YES;
				SDKROOT = macosx;
			};
			name = Debug;
		};
		CEAAA3C0221527C800EE27EB /* Release */ = {
			isa = XCBuildConfiguration;
			buildSettings = {
				ALWAYS_SEARCH_USER_PATHS = NO;
				CLANG_ANALYZER_NONNULL = YES;
				CLANG_ANALYZER_NUMBER_OBJECT_CONVERSION = YES_AGGRESSIVE;
				CLANG_CXX_LANGUAGE_STANDARD = "gnu++14";
				CLANG_CXX_LIBRARY = "libc++";
				CLANG_ENABLE_MODULES = YES;
				CLANG_ENABLE_OBJC_ARC = YES;
				CLANG_ENABLE_OBJC_WEAK = YES;
				CLANG_WARN_BLOCK_CAPTURE_AUTORELEASING = YES;
				CLANG_WARN_BOOL_CONVERSION = YES;
				CLANG_WARN_COMMA = YES;
				CLANG_WARN_CONSTANT_CONVERSION = YES;
				CLANG_WARN_DEPRECATED_OBJC_IMPLEMENTATIONS = YES;
				CLANG_WARN_DIRECT_OBJC_ISA_USAGE = YES_ERROR;
				CLANG_WARN_DOCUMENTATION_COMMENTS = YES;
				CLANG_WARN_EMPTY_BODY = YES;
				CLANG_WARN_ENUM_CONVERSION = YES;
				CLANG_WARN_INFINITE_RECURSION = YES;
				CLANG_WARN_INT_CONVERSION = YES;
				CLANG_WARN_NON_LITERAL_NULL_CONVERSION = YES;
				CLANG_WARN_OBJC_IMPLICIT_RETAIN_SELF = YES;
				CLANG_WARN_OBJC_LITERAL_CONVERSION = YES;
				CLANG_WARN_OBJC_ROOT_CLASS = YES_ERROR;
				CLANG_WARN_RANGE_LOOP_ANALYSIS = YES;
				CLANG_WARN_STRICT_PROTOTYPES = YES;
				CLANG_WARN_SUSPICIOUS_MOVE = YES;
				CLANG_WARN_UNGUARDED_AVAILABILITY = YES_AGGRESSIVE;
				CLANG_WARN_UNREACHABLE_CODE = YES;
				CLANG_WARN__DUPLICATE_METHOD_MATCH = YES;
				CODE_SIGN_IDENTITY = "-";
				COPY_PHASE_STRIP = NO;
				DEBUG_INFORMATION_FORMAT = "dwarf-with-dsym";
				ENABLE_NS_ASSERTIONS = NO;
				ENABLE_STRICT_OBJC_MSGSEND = YES;
				GCC_C_LANGUAGE_STANDARD = gnu11;
				GCC_NO_COMMON_BLOCKS = YES;
				GCC_WARN_64_TO_32_BIT_CONVERSION = YES;
				GCC_WARN_ABOUT_RETURN_TYPE = YES_ERROR;
				GCC_WARN_UNDECLARED_SELECTOR = YES;
				GCC_WARN_UNINITIALIZED_AUTOS = YES_AGGRESSIVE;
				GCC_WARN_UNUSED_FUNCTION = YES;
				GCC_WARN_UNUSED_VARIABLE = YES;
				MACOSX_DEPLOYMENT_TARGET = 10.14;
				MTL_ENABLE_DEBUG_INFO = NO;
				MTL_FAST_MATH = YES;
				SDKROOT = macosx;
			};
			name = Release;
		};
		CEAAA3C2221527C800EE27EB /* Debug */ = {
			isa = XCBuildConfiguration;
			buildSettings = {
				ASSETCATALOG_COMPILER_APPICON_NAME = AppIcon;
				CLANG_ENABLE_OBJC_ARC = NO;
				CLANG_WARN_COMMA = NO;
				CLANG_WARN_CONSTANT_CONVERSION = YES;
				CODE_SIGN_ENTITLEMENTS = "";
				CODE_SIGN_IDENTITY = "";
				CODE_SIGN_INJECT_BASE_ENTITLEMENTS = NO;
				CODE_SIGN_STYLE = Manual;
				COMBINE_HIDPI_IMAGES = YES;
				GCC_WARN_64_TO_32_BIT_CONVERSION = NO;
				HEADER_SEARCH_PATHS = (
					"$(SRCROOT)/CEFDemo",
					"$(SRCROOT)/libs/cef",
				);
				INFOPLIST_FILE = CEFDemo/Info.plist;
				LD_RUNPATH_SEARCH_PATHS = (
					"$(inherited)",
					"@executable_path/../Frameworks",
				);
				OTHER_LDFLAGS = (
					"-framework",
					Cocoa,
					"$(SRCROOT)/libs/cef/$(CONFIGURATION)/libcef_dll_wrapper.a",
					"$(SRCROOT)/libs/cef/$(CONFIGURATION)/cef_sandbox.a",
				);
				PRODUCT_BUNDLE_IDENTIFIER = com.kztool.dev.CEFDemo;
				PRODUCT_NAME = "$(TARGET_NAME)";
				WARNING_CFLAGS = (
					"'-mmacosx-version-min=10.11'",
					"-Wno-narrowing",
				);
			};
			name = Debug;
		};
		CEAAA3C3221527C800EE27EB /* Release */ = {
			isa = XCBuildConfiguration;
			buildSettings = {
				ASSETCATALOG_COMPILER_APPICON_NAME = AppIcon;
				CLANG_ENABLE_OBJC_ARC = NO;
				CLANG_WARN_COMMA = NO;
				CLANG_WARN_CONSTANT_CONVERSION = YES;
				CODE_SIGN_ENTITLEMENTS = "";
				CODE_SIGN_IDENTITY = "";
				CODE_SIGN_INJECT_BASE_ENTITLEMENTS = NO;
				CODE_SIGN_STYLE = Manual;
				COMBINE_HIDPI_IMAGES = YES;
				GCC_WARN_64_TO_32_BIT_CONVERSION = NO;
				HEADER_SEARCH_PATHS = (
					"$(SRCROOT)/CEFDemo",
					"$(SRCROOT)/libs/cef",
				);
				INFOPLIST_FILE = CEFDemo/Info.plist;
				LD_RUNPATH_SEARCH_PATHS = (
					"$(inherited)",
					"@executable_path/../Frameworks",
				);
				OTHER_LDFLAGS = (
					"-framework",
					Cocoa,
					"$(SRCROOT)/libs/cef/$(CONFIGURATION)/libcef_dll_wrapper.a",
					"$(SRCROOT)/libs/cef/$(CONFIGURATION)/cef_sandbox.a",
				);
				PRODUCT_BUNDLE_IDENTIFIER = com.kztool.dev.CEFDemo;
				PRODUCT_NAME = "$(TARGET_NAME)";
				WARNING_CFLAGS = (
					"'-mmacosx-version-min=10.11'",
					"-Wno-narrowing",
				);
			};
			name = Release;
		};
		CEAAA3D7221527DB00EE27EB /* Debug */ = {
			isa = XCBuildConfiguration;
			buildSettings = {
				ASSETCATALOG_COMPILER_APPICON_NAME = AppIcon;
				CLANG_WARN_COMMA = NO;
				CODE_SIGN_ENTITLEMENTS = "";
				CODE_SIGN_IDENTITY = "";
				CODE_SIGN_INJECT_BASE_ENTITLEMENTS = NO;
				CODE_SIGN_STYLE = Manual;
				COMBINE_HIDPI_IMAGES = YES;
				HEADER_SEARCH_PATHS = "$(SRCROOT)/libs/cef ";
				INFOPLIST_FILE = "CEFDemo Helper/Info.plist";
				LD_RUNPATH_SEARCH_PATHS = (
					"$(inherited)",
					"@executable_path/../Frameworks",
				);
				OTHER_LDFLAGS = (
					"-framework",
					Cocoa,
					"$(SRCROOT)/libs/cef/$(CONFIGURATION)/libcef_dll_wrapper.a",
					"$(SRCROOT)/libs/cef/$(CONFIGURATION)/cef_sandbox.a",
				);
				PRODUCT_BUNDLE_IDENTIFIER = "com.kztool.dev.CEFDemo-Helper";
				PRODUCT_NAME = "$(TARGET_NAME)";
				WARNING_CFLAGS = "'-mmacosx-version-min=10.11' ";
			};
			name = Debug;
		};
		CEAAA3D8221527DB00EE27EB /* Release */ = {
			isa = XCBuildConfiguration;
			buildSettings = {
				ASSETCATALOG_COMPILER_APPICON_NAME = AppIcon;
				CLANG_WARN_COMMA = NO;
				CODE_SIGN_ENTITLEMENTS = "";
				CODE_SIGN_IDENTITY = "";
				CODE_SIGN_INJECT_BASE_ENTITLEMENTS = NO;
				CODE_SIGN_STYLE = Manual;
				COMBINE_HIDPI_IMAGES = YES;
				HEADER_SEARCH_PATHS = "$(SRCROOT)/libs/cef ";
				INFOPLIST_FILE = "CEFDemo Helper/Info.plist";
				LD_RUNPATH_SEARCH_PATHS = (
					"$(inherited)",
					"@executable_path/../Frameworks",
				);
				OTHER_LDFLAGS = (
					"-framework",
					Cocoa,
					"$(SRCROOT)/libs/cef/$(CONFIGURATION)/libcef_dll_wrapper.a",
					"$(SRCROOT)/libs/cef/$(CONFIGURATION)/cef_sandbox.a",
				);
				PRODUCT_BUNDLE_IDENTIFIER = "com.kztool.dev.CEFDemo-Helper";
				PRODUCT_NAME = "$(TARGET_NAME)";
				WARNING_CFLAGS = "'-mmacosx-version-min=10.11' ";
			};
			name = Release;
		};
/* End XCBuildConfiguration section */

/* Begin XCConfigurationList section */
		CEAAA3AB221527C700EE27EB /* Build configuration list for PBXProject "CEFDemo" */ = {
			isa = XCConfigurationList;
			buildConfigurations = (
				CEAAA3BF221527C800EE27EB /* Debug */,
				CEAAA3C0221527C800EE27EB /* Release */,
			);
			defaultConfigurationIsVisible = 0;
			defaultConfigurationName = Release;
		};
		CEAAA3C1221527C800EE27EB /* Build configuration list for PBXNativeTarget "CEFDemo" */ = {
			isa = XCConfigurationList;
			buildConfigurations = (
				CEAAA3C2221527C800EE27EB /* Debug */,
				CEAAA3C3221527C800EE27EB /* Release */,
			);
			defaultConfigurationIsVisible = 0;
			defaultConfigurationName = Release;
		};
		CEAAA3D6221527DB00EE27EB /* Build configuration list for PBXNativeTarget "CEFDemo Helper" */ = {
			isa = XCConfigurationList;
			buildConfigurations = (
				CEAAA3D7221527DB00EE27EB /* Debug */,
				CEAAA3D8221527DB00EE27EB /* Release */,
			);
			defaultConfigurationIsVisible = 0;
			defaultConfigurationName = Release;
		};
/* End XCConfigurationList section */
	};
	rootObject = CEAAA3A8221527C700EE27EB /* Project object */;
}
